
Microsoft Visual Studio Solution File, Format Version 12.00
# Visual Studio 15
Project("{FAE04EC0-301F-11D3-BF4B-00C04F79EFBC}") = "Assembly-CSharp", "Assembly-CSharp.csproj", "{BB59DA6B-C6D2-AB15-3C86-22DFBC16B3D1}"
EndProject
Project("{FAE04EC0-301F-11D3-BF4B-00C04F79EFBC}") = "Assembly-CSharp-Editor", "Assembly-CSharp-Editor.csproj", "{8286B52D-71CF-5010-C1E4-62C36CE1C768}"
EndProject
Global
	GlobalSection(SolutionConfigurationPlatforms) = preSolution
		Debug|Any CPU = Debug|Any CPU
		Release|Any CPU = Release|Any CPU
	EndGlobalSection
	GlobalSection(ProjectConfigurationPlatforms) = postSolution
		{BB59DA6B-C6D2-AB15-3C86-22DFBC16B3D1}.Debug|Any CPU.ActiveCfg = Debug|Any CPU
		{BB59DA6B-C6D2-AB15-3C86-22DFBC16B3D1}.Debug|Any CPU.Build.0 = Debug|Any CPU
		{BB59DA6B-C6D2-AB15-3C86-22DFBC16B3D1}.Release|Any CPU.ActiveCfg = Release|Any CPU
		{BB59DA6B-C6D2-AB15-3C86-22DFBC16B3D1}.Release|Any CPU.Build.0 = Release|Any CPU
		{8286B52D-71CF-5010-C1E4-62C36CE1C768}.Debug|Any CPU.ActiveCfg = Debug|Any CPU
		{8286B52D-71CF-5010-C1E4-62C36CE1C768}.Debug|Any CPU.Build.0 = Debug|Any CPU
		{8286B52D-71CF-5010-C1E4-62C36CE1C768}.Release|Any CPU.ActiveCfg = Release|Any CPU
		{8286B52D-71CF-5010-C1E4-62C36CE1C768}.Release|Any CPU.Build.0 = Release|Any CPU
	EndGlobalSection
	GlobalSection(SolutionProperties) = preSolution
		HideSolutionNode = FALSE
	EndGlobalSection
EndGlobal
